
Microsoft Visual Studio Solution File, Format Version 12.00
# Visual Studio 2013
VisualStudioVersion = 12.0.31101.0
MinimumVisualStudioVersion = 10.0.40219.1
Project("{8BC9CEB8-8B4A-11D0-8D11-00A0C91BC942}") = "doubly_list", "doubly_list.vcxproj", "{D4218512-3E00-47D2-A056-8D6ACB87417C}"
EndProject
Global
	GlobalSection(SolutionConfigurationPlatforms) = preSolution
		Debug|Win32 = Debug|Win32
		Release|Win32 = Release|Win32
	EndGlobalSection
	GlobalSection(ProjectConfigurationPlatforms) = postSolution
		{D4218512-3E00-47D2-A056-8D6ACB87417C}.Debug|Win32.ActiveCfg = Debug|Win32
		{D4218512-3E00-47D2-A056-8D6ACB87417C}.Debug|Win32.Build.0 = Debug|Win32
		{D4218512-3E00-47D2-A056-8D6ACB87417C}.Release|Win32.ActiveCfg = Release|Win32
		{D4218512-3E00-47D2-A056-8D6ACB87417C}.Release|Win32.Build.0 = Release|Win32
	EndGlobalSection
	GlobalSection(SolutionProperties) = preSolution
		HideSolutionNode = FALSE
	EndGlobalSection
EndGlobal
